
Microsoft Visual Studio Solution File, Format Version 12.00
# Visual Studio Version 17
VisualStudioVersion = 17.7.34031.279
MinimumVisualStudioVersion = 10.0.40219.1
Project("{FAE04EC0-301F-11D3-BF4B-00C04F79EFBC}") = "bai1", "bai1\bai1.csproj", "{AE90C32D-031A-4304-B26F-F5726D906ECB}"
EndProject
Global
	GlobalSection(SolutionConfigurationPlatforms) = preSolution
		Debug|Any CPU = Debug|Any CPU
		Release|Any CPU = Release|Any CPU
	EndGlobalSection
	GlobalSection(ProjectConfigurationPlatforms) = postSolution
		{AE90C32D-031A-4304-B26F-F5726D906ECB}.Debug|Any CPU.ActiveCfg = Debug|Any CPU
		{AE90C32D-031A-4304-B26F-F5726D906ECB}.Debug|Any CPU.Build.0 = Debug|Any CPU
		{AE90C32D-031A-4304-B26F-F5726D906ECB}.Release|Any CPU.ActiveCfg = Release|Any CPU
		{AE90C32D-031A-4304-B26F-F5726D906ECB}.Release|Any CPU.Build.0 = Release|Any CPU
	EndGlobalSection
	GlobalSection(SolutionProperties) = preSolution
		HideSolutionNode = FALSE
	EndGlobalSection
	GlobalSection(ExtensibilityGlobals) = postSolution
		SolutionGuid = {E976246C-5623-469D-B6CB-5F8DF05CF557}
	EndGlobalSection
EndGlobal
